
Microsoft Visual Studio Solution File, Format Version 12.00
# Visual Studio Version 17
VisualStudioVersion = 17.10.35027.167
MinimumVisualStudioVersion = 10.0.40219.1
Project("{FAE04EC0-301F-11D3-BF4B-00C04F79EFBC}") = "S24Week10DisconnectedModel", "S24Week10DisconnectedModel\S24Week10DisconnectedModel.csproj", "{645D64D9-ECA4-4D9F-AC8F-2765EA49EC40}"
EndProject
Global
	GlobalSection(SolutionConfigurationPlatforms) = preSolution
		Debug|Any CPU = Debug|Any CPU
		Release|Any CPU = Release|Any CPU
	EndGlobalSection
	GlobalSection(ProjectConfigurationPlatforms) = postSolution
		{645D64D9-ECA4-4D9F-AC8F-2765EA49EC40}.Debug|Any CPU.ActiveCfg = Debug|Any CPU
		{645D64D9-ECA4-4D9F-AC8F-2765EA49EC40}.Debug|Any CPU.Build.0 = Debug|Any CPU
		{645D64D9-ECA4-4D9F-AC8F-2765EA49EC40}.Release|Any CPU.ActiveCfg = Release|Any CPU
		{645D64D9-ECA4-4D9F-AC8F-2765EA49EC40}.Release|Any CPU.Build.0 = Release|Any CPU
	EndGlobalSection
	GlobalSection(SolutionProperties) = preSolution
		HideSolutionNode = FALSE
	EndGlobalSection
	GlobalSection(ExtensibilityGlobals) = postSolution
		SolutionGuid = {267987D1-C309-4DE3-AEAC-3E406E07B6D3}
	EndGlobalSection
EndGlobal
